# This file was autogenerated by Stack.
# You should not edit this file by hand.
# For more information, please see the documentation at:
#   https://docs.haskellstack.org/en/stable/lock_files

packages:
- completed:
    hackage: monad-validate-1.2.0.0@sha256:9850f408431098b28806dd464b6825a88a0b56c84f380d7fe0454c1df9d6f881,3505
    pantry-tree:
      size: 713
      sha256: 8e049bd12ce2bd470909578f2ee8eb80b89d5ff88860afa30e29dd4eafecfa3e
  original:
    hackage: monad-validate-1.2.0.0@sha256:9850f408431098b28806dd464b6825a88a0b56c84f380d7fe0454c1df9d6f881,3505
- completed:
    hackage: safe-money-aeson-0.1.1@sha256:d7383134649d5e63177731f3b5a0ff1992a1d4edf9d224178b264eb4fcdd6c14,1405
    pantry-tree:
      size: 374
      sha256: c5d74f991f75d978c4a0bf080adfcd0c46baceaa2d1d062f3f1cfe91b696549c
  original:
    hackage: safe-money-aeson-0.1.1@sha256:d7383134649d5e63177731f3b5a0ff1992a1d4edf9d224178b264eb4fcdd6c14,1405
- completed:
    hackage: generic-aeson-0.2.0.10@sha256:9d151244afd715c4ad6ce7d3f24fb04e0110f32a825b0838e34cd96523f94622,1090
    pantry-tree:
      size: 475
      sha256: 85ec0612d5947744954c9f83d8debe0354feab3644abe8df455c9f6cb768cb5d
  original:
    hackage: generic-aeson-0.2.0.10@sha256:9d151244afd715c4ad6ce7d3f24fb04e0110f32a825b0838e34cd96523f94622,1090
- completed:
    hackage: transformers-either-0.1.1@sha256:ec3d6fefd90e243b51aecebfc0ebc5db6381c261d473ea2df7ed7b501a8fb961,1501
    pantry-tree:
      size: 317
      sha256: a69c9cbc1d8340c63cc8a9bbd718e13a41869d30a7c84d27be94bbc04ad73a69
  original:
    hackage: transformers-either-0.1.1@sha256:ec3d6fefd90e243b51aecebfc0ebc5db6381c261d473ea2df7ed7b501a8fb961,1501
- completed:
    hackage: polysemy-plugin-0.2.5.0@sha256:67e30be568a141b852aace1a60e180cb5060fbb2835365a81a3ea779536d6d35,2952
    pantry-tree:
      size: 1232
      sha256: 5c90dac2eba48b4e337b302347c233ecaedb63e333641e094e718a548ac86711
  original:
    hackage: polysemy-plugin-0.2.5.0@sha256:67e30be568a141b852aace1a60e180cb5060fbb2835365a81a3ea779536d6d35,2952
- completed:
    hackage: polysemy-zoo-0.7.0.0@sha256:e98ba9620128df8f8aea6adec5a0e324103324a2d2368930a2e214a2c334551b,3900
    pantry-tree:
      size: 3049
      sha256: 5cc724e74ed56436891e15ce23b82ce432f9e9f735c5111847988f8854009815
  original:
    hackage: polysemy-zoo-0.7.0.0@sha256:e98ba9620128df8f8aea6adec5a0e324103324a2d2368930a2e214a2c334551b,3900
- completed:
    hackage: compact-0.1.0.1@sha256:a74976cfdb16a76ca006b58f2a952d604e3244b404e0458a1ec1c255d7d7c8eb,1997
    pantry-tree:
      size: 545
      sha256: e6e4608f64fd393086d0330b694ad86ca61b416f7564feeb7342512c96d65aad
  original:
    hackage: compact-0.1.0.1@sha256:a74976cfdb16a76ca006b58f2a952d604e3244b404e0458a1ec1c255d7d7c8eb,1997
snapshots:
- completed:
    size: 501929
    url: https://raw.githubusercontent.com/commercialhaskell/stackage-snapshots/master/nightly/2020/3/10.yaml
    sha256: b85b932144210a13f4628768d3e7f40bf2071ab0acf932671ff1aadac390d566
  original: nightly-2020-03-10
