# This file was autogenerated by Stack.
# You should not edit this file by hand.
# For more information, please see the documentation at:
#   https://docs.haskellstack.org/en/stable/lock_files

packages:
- completed:
    hackage: postgresql-simple-named-0.0.2.0@sha256:e8756b2cc4618b959c4a2ef4f32436841cc2bd6ddfcafcdf3298990eca4c38b2,3290
    pantry-tree:
      size: 386
      sha256: d8a47494c00e943100ec424e0b514c530a13b456f160e2a2d76a7ff5c613157f
  original:
    hackage: postgresql-simple-named-0.0.2.0@sha256:e8756b2cc4618b959c4a2ef4f32436841cc2bd6ddfcafcdf3298990eca4c38b2,3290
snapshots:
- completed:
    size: 532177
    url: https://raw.githubusercontent.com/commercialhaskell/stackage-snapshots/master/lts/16/20.yaml
    sha256: 0e14ba5603f01e8496e8984fd84b545a012ca723f51a098c6c9d3694e404dc6d
  original:
    url: https://raw.githubusercontent.com/commercialhaskell/stackage-snapshots/master/lts/16/20.yaml
